<?xml version="1.0" encoding="utf-8"?>
<Project ToolsVersion="4.0" xmlns="http://schemas.microsoft.com/developer/msbuild/2003">
  <ItemGroup>
    <ClCompile Include="src\shaderReader.cpp" />
    <ClCompile Include="src\textures.cpp" />
    <ClCompile Include="src\glad.c" />
    <ClCompile Include="src\movement.cpp" />
    <ClCompile Include="src\camera.cpp" />
    <ClCompile Include="src\map.cpp" />
    <ClCompile Include="src\main.cpp" />
    <ClCompile Include="src\args.cpp" />
    <ClCompile Include="src\model.cpp" />
    <ClCompile Include="src\win32.cpp" />
    <ClCompile Include="src\ass.cpp" />
  </ItemGroup>
  <ItemGroup>
    <None Include="shaders\vert.shader" />
    <None Include="shaders\frag.shader" />
  </ItemGroup>
  <ItemGroup>
    <ClInclude Include="src\shaderReader.h" />
    <ClInclude Include="src\textures.h" />
    <ClInclude Include="thirdparty_src\stb_image.h" />
    <ClInclude Include="src\movement.h" />
    <ClInclude Include="src\camera.h" />
    <ClInclude Include="src\map.h" />
    <ClInclude Include="src\args.h" />
    <ClInclude Include="src\model.h" />
    <ClInclude Include="src\ass.h" />
  </ItemGroup>
</Project>