<?xml version="1.0" encoding="utf-8"?>
<Project ToolsVersion="4.0" xmlns="http://schemas.microsoft.com/developer/msbuild/2003">
  <ItemGroup>
    <ClCompile Include="src\textures.cpp" />
    <ClCompile Include="src\glad.c" />
    <ClCompile Include="src\movement.cpp" />
    <ClCompile Include="src\camera.cpp" />
    <ClCompile Include="src\map.cpp" />
    <ClCompile Include="src\main.cpp" />
    <ClCompile Include="src\args.cpp" />
    <ClCompile Include="src\win32.cpp" />
    <ClCompile Include="src\ui.cpp" />
    <ClCompile Include="src\tile.cpp" />
    <ClCompile Include="src\model.cpp" />
    <ClCompile Include="src\enemy.cpp" />
    <ClCompile Include="src\audio.cpp" />
    <ClCompile Include="src\imgui.cpp">
      <Filter>imgui</Filter>
    </ClCompile>
    <ClCompile Include="src\imgui_demo.cpp">
      <Filter>imgui</Filter>
    </ClCompile>
    <ClCompile Include="src\imgui_draw.cpp">
      <Filter>imgui</Filter>
    </ClCompile>
    <ClCompile Include="src\imgui_impl_glfw.cpp">
      <Filter>imgui</Filter>
    </ClCompile>
    <ClCompile Include="src\imgui_impl_opengl3.cpp">
      <Filter>imgui</Filter>
    </ClCompile>
    <ClCompile Include="src\imgui_impl_win32.cpp">
      <Filter>imgui</Filter>
    </ClCompile>
    <ClCompile Include="src\imgui_tables.cpp">
      <Filter>imgui</Filter>
    </ClCompile>
    <ClCompile Include="src\imgui_widgets.cpp">
      <Filter>imgui</Filter>
    </ClCompile>
  </ItemGroup>
  <ItemGroup>
    <None Include="shaders\uifrag.shader">
      <Filter>Shaders</Filter>
    </None>
    <None Include="shaders\uivert.shader">
      <Filter>Shaders</Filter>
    </None>
    <None Include="shaders\vert.shader">
      <Filter>Shaders</Filter>
    </None>
    <None Include="shaders\enemyfrag.shader">
      <Filter>Shaders</Filter>
    </None>
    <None Include="shaders\enemyvert.shader">
      <Filter>Shaders</Filter>
    </None>
    <None Include="shaders\frag.shader">
      <Filter>Shaders</Filter>
    </None>
  </ItemGroup>
  <ItemGroup>
    <ClInclude Include="src\textures.h" />
    <ClInclude Include="thirdparty_src\stb_image.h" />
    <ClInclude Include="src\movement.h" />
    <ClInclude Include="src\camera.h" />
    <ClInclude Include="src\map.h" />
    <ClInclude Include="src\args.h" />
    <ClInclude Include="src\model.h" />
    <ClInclude Include="src\mesh.h" />
    <ClInclude Include="src\shader.h" />
    <ClInclude Include="src\ui.h" />
    <ClInclude Include="src\tile.h" />
    <ClInclude Include="src\enemy.h" />
    <ClInclude Include="src\audio.h" />
    <ClInclude Include="src\imconfig.h">
      <Filter>imgui</Filter>
    </ClInclude>
    <ClInclude Include="src\imgui.h">
      <Filter>imgui</Filter>
    </ClInclude>
    <ClInclude Include="src\imgui_impl_glfw.h">
      <Filter>imgui</Filter>
    </ClInclude>
    <ClInclude Include="src\imgui_impl_opengl3.h">
      <Filter>imgui</Filter>
    </ClInclude>
    <ClInclude Include="src\imgui_impl_win32.h">
      <Filter>imgui</Filter>
    </ClInclude>
    <ClInclude Include="src\imgui_internal.h">
      <Filter>imgui</Filter>
    </ClInclude>
    <ClInclude Include="src\imstb_rectpack.h">
      <Filter>imgui</Filter>
    </ClInclude>
    <ClInclude Include="src\imstb_textedit.h">
      <Filter>imgui</Filter>
    </ClInclude>
    <ClInclude Include="src\imstb_truetype.h">
      <Filter>imgui</Filter>
    </ClInclude>
    <ClInclude Include="src\imgui_impl_opengl3_loader.h">
      <Filter>imgui</Filter>
    </ClInclude>
  </ItemGroup>
  <ItemGroup>
    <Filter Include="Shaders">
      <UniqueIdentifier>{f03710a8-d0a8-4670-960d-902334a5c699}</UniqueIdentifier>
    </Filter>
    <Filter Include="imgui">
      <UniqueIdentifier>{5e23f42f-1e4b-4976-b841-9b8775b3af76}</UniqueIdentifier>
    </Filter>
  </ItemGroup>
</Project>