<?xml version="1.0" encoding="utf-8"?>
<Project ToolsVersion="4.0" xmlns="http://schemas.microsoft.com/developer/msbuild/2003">
  <ItemGroup>
    <ClCompile Include="src\main.cpp" />
    <ClCompile Include="src\glad.c">
      <Filter>GLAD</Filter>
    </ClCompile>
    <ClCompile Include="src\shaderReader.cpp" />
  </ItemGroup>
  <ItemGroup>
    <Filter Include="GLAD">
      <UniqueIdentifier>{60db7dcf-1c85-4ccf-9230-9c2a3bac07e7}</UniqueIdentifier>
    </Filter>
  </ItemGroup>
  <ItemGroup>
    <None Include="shaders\vert.shader" />
    <None Include="shaders\frag.shader" />
  </ItemGroup>
  <ItemGroup>
    <ClInclude Include="src\shaderReader.h" />
  </ItemGroup>
</Project>